version = 1
revision = 3
requires-python = ">=3.11"

[[package]]
name = "shtab"
version = "1.12.1"
source = { registry = "https://pypi.org/simple" }
sdist = { url = "https://files.pythonhosted.org/packages/ef/71/ddb3c0a7a86db44d2fb3f9cbac162f7ddbcbf563b4a174963ba2b3d4d819/shtab-1.12.1.tar.gz", hash = "sha256:0637338723a8fc08ed1c2fd826d8432229924649c26e3247bb48c53d60ca3bf9", size = 66195, upload-time = "2026-09-01T22:12:47.999Z" }
wheels = [
    { url = "https://files.pythonhosted.org/packages/b3/3f/8bf03f51e920585e207157cb49c5bf8e65a9229297c9ec347a6014eb3d61/shtab-1.12.1-py3-none-any.whl", hash = "sha256:31d07db9c958fbe15edd1d0f3c966a7085766374a11ccc5861b810fcd4ada123", size = 22763, upload-time = "2026-09-01T22:12:46.384Z" },
]

[[package]]
name = "timeline-geotag"
version = "0.1.0"
source = { editable = "." }
dependencies = [
    { name = "shtab" },
]

[package.metadata]
requires-dist = [{ name = "shtab", specifier = ">=1.12.1" }]
